// !$*UTF8*$!
{
	archiveVersion = 1;
	classes = {
	};
	objectVersion = 46;
	objects = {

/* Begin PBXBuildFile section */
		9CA532531F57899300ADD3DF /* main.m in Sources */ = {isa = PBXBuildFile; fileRef = 9CA532521F57899300ADD3DF /* main.m */; };
		9CA532561F57899300ADD3DF /* AppDelegate.m in Sources */ = {isa = PBXBuildFile; fileRef = 9CA532551F57899300ADD3DF /* AppDelegate.m */; };
		9CA532591F57899300ADD3DF /* ViewController.m in Sources */ = {isa = PBXBuildFile; fileRef = 9CA532581F57899300ADD3DF /* ViewController.m */; };
		9CA5325E1F57899300ADD3DF /* Assets.xcassets in Resources */ = {isa = PBXBuildFile; fileRef = 9CA5325D1F57899300ADD3DF /* Assets.xcassets */; };
		9CA532611F57899300ADD3DF /* LaunchScreen.storyboard in Resources */ = {isa = PBXBuildFile; fileRef = 9CA5325F1F57899300ADD3DF /* LaunchScreen.storyboard */; };
		9CA532691F578A2E00ADD3DF /* New.storyboard in Resources */ = {isa = PBXBuildFile; fileRef = 9CA532681F578A2E00ADD3DF /* New.storyboard */; };
		9CA5326C1F578A4800ADD3DF /* gameButton.m in Sources */ = {isa = PBXBuildFile; fileRef = 9CA5326B1F578A4800ADD3DF /* gameButton.m */; };
		9CA532701F578B2D00ADD3DF /* images in Resources */ = {isa = PBXBuildFile; fileRef = 9CA5326F1F578B2D00ADD3DF /* images */; };
/* End PBXBuildFile section */

/* Begin PBXFileReference section */
		9CA5324E1F57899300ADD3DF /* iMatchGame.app */ = {isa = PBXFileReference; explicitFileType = wrapper.application; includeInIndex = 0; path = iMatchGame.app; sourceTree = BUILT_PRODUCTS_DIR; };
		9CA532521F57899300ADD3DF /* main.m */ = {isa = PBXFileReference; lastKnownFileType = sourcecode.c.objc; path = main.m; sourceTree = "<group>"; };
		9CA532541F57899300ADD3DF /* AppDelegate.h */ = {isa = PBXFileReference; lastKnownFileType = sourcecode.c.h; path = AppDelegate.h; sourceTree = "<group>"; };
		9CA532551F57899300ADD3DF /* AppDelegate.m */ = {isa = PBXFileReference; lastKnownFileType = sourcecode.c.objc; path = AppDelegate.m; sourceTree = "<group>"; };
		9CA532571F57899300ADD3DF /* ViewController.h */ = {isa = PBXFileReference; lastKnownFileType = sourcecode.c.h; path = ViewController.h; sourceTree = "<group>"; };
		9CA532581F57899300ADD3DF /* ViewController.m */ = {isa = PBXFileReference; lastKnownFileType = sourcecode.c.objc; path = ViewController.m; sourceTree = "<group>"; };
		9CA5325D1F57899300ADD3DF /* Assets.xcassets */ = {isa = PBXFileReference; lastKnownFileType = folder.assetcatalog; path = Assets.xcassets; sourceTree = "<group>"; };
		9CA532601F57899300ADD3DF /* Base */ = {isa = PBXFileReference; lastKnownFileType = file.storyboard; name = Base; path = Base.lproj/LaunchScreen.storyboard; sourceTree = "<group>"; };
		9CA532621F57899300ADD3DF /* Info.plist */ = {isa = PBXFileReference; lastKnownFileType = text.plist.xml; path = Info.plist; sourceTree = "<group>"; };
		9CA532681F578A2E00ADD3DF /* New.storyboard */ = {isa = PBXFileReference; fileEncoding = 4; lastKnownFileType = file.storyboard; path = New.storyboard; sourceTree = "<group>"; };
		9CA5326A1F578A4800ADD3DF /* gameButton.h */ = {isa = PBXFileReference; fileEncoding = 4; lastKnownFileType = sourcecode.c.h; path = gameButton.h; sourceTree = "<group>"; };
		9CA5326B1F578A4800ADD3DF /* gameButton.m */ = {isa = PBXFileReference; fileEncoding = 4; lastKnownFileType = sourcecode.c.objc; path = gameButton.m; sourceTree = "<group>"; };
		9CA5326F1F578B2D00ADD3DF /* images */ = {isa = PBXFileReference; lastKnownFileType = folder; path = images; sourceTree = "<group>"; };
/* End PBXFileReference section */

/* Begin PBXFrameworksBuildPhase section */
		9CA5324B1F57899300ADD3DF /* Frameworks */ = {
			isa = PBXFrameworksBuildPhase;
			buildActionMask = 2147483647;
			files = (
			);
			runOnlyForDeploymentPostprocessing = 0;
		};
/* End PBXFrameworksBuildPhase section */

/* Begin PBXGroup section */
		9CA532451F57899300ADD3DF = {
			isa = PBXGroup;
			children = (
				9CA532501F57899300ADD3DF /* iMatchGame */,
				9CA5324F1F57899300ADD3DF /* Products */,
			);
			sourceTree = "<group>";
		};
		9CA5324F1F57899300ADD3DF /* Products */ = {
			isa = PBXGroup;
			children = (
				9CA5324E1F57899300ADD3DF /* iMatchGame.app */,
			);
			name = Products;
			sourceTree = "<group>";
		};
		9CA532501F57899300ADD3DF /* iMatchGame */ = {
			isa = PBXGroup;
			children = (
				9CA532681F578A2E00ADD3DF /* New.storyboard */,
				9CA532541F57899300ADD3DF /* AppDelegate.h */,
				9CA532551F57899300ADD3DF /* AppDelegate.m */,
				9CA532571F57899300ADD3DF /* ViewController.h */,
				9CA532581F57899300ADD3DF /* ViewController.m */,
				9CA5326A1F578A4800ADD3DF /* gameButton.h */,
				9CA5326B1F578A4800ADD3DF /* gameButton.m */,
				9CA5326F1F578B2D00ADD3DF /* images */,
				9CA5325D1F57899300ADD3DF /* Assets.xcassets */,
				9CA5325F1F57899300ADD3DF /* LaunchScreen.storyboard */,
				9CA532621F57899300ADD3DF /* Info.plist */,
				9CA532511F57899300ADD3DF /* Supporting Files */,
			);
			path = iMatchGame;
			sourceTree = "<group>";
		};
		9CA532511F57899300ADD3DF /* Supporting Files */ = {
			isa = PBXGroup;
			children = (
				9CA532521F57899300ADD3DF /* main.m */,
			);
			name = "Supporting Files";
			sourceTree = "<group>";
		};
/* End PBXGroup section */

/* Begin PBXNativeTarget section */
		9CA5324D1F57899300ADD3DF /* iMatchGame */ = {
			isa = PBXNativeTarget;
			buildConfigurationList = 9CA532651F57899300ADD3DF /* Build configuration list for PBXNativeTarget "iMatchGame" */;
			buildPhases = (
				9CA5324A1F57899300ADD3DF /* Sources */,
				9CA5324B1F57899300ADD3DF /* Frameworks */,
				9CA5324C1F57899300ADD3DF /* Resources */,
			);
			buildRules = (
			);
			dependencies = (
			);
			name = iMatchGame;
			productName = iMatchGame;
			productReference = 9CA5324E1F57899300ADD3DF /* iMatchGame.app */;
			productType = "com.apple.product-type.application";
		};
/* End PBXNativeTarget section */

/* Begin PBXProject section */
		9CA532461F57899300ADD3DF /* Project object */ = {
			isa = PBXProject;
			attributes = {
				LastUpgradeCheck = 0830;
				ORGANIZATIONNAME = "Marcelo Siqueira";
				TargetAttributes = {
					9CA5324D1F57899300ADD3DF = {
						CreatedOnToolsVersion = 8.3.3;
						DevelopmentTeam = 8N948SNJJ9;
						ProvisioningStyle = Automatic;
					};
				};
			};
			buildConfigurationList = 9CA532491F57899300ADD3DF /* Build configuration list for PBXProject "iMatchGame" */;
			compatibilityVersion = "Xcode 3.2";
			developmentRegion = English;
			hasScannedForEncodings = 0;
			knownRegions = (
				en,
				Base,
			);
			mainGroup = 9CA532451F57899300ADD3DF;
			productRefGroup = 9CA5324F1F57899300ADD3DF /* Products */;
			projectDirPath = "";
			projectRoot = "";
			targets = (
				9CA5324D1F57899300ADD3DF /* iMatchGame */,
			);
		};
/* End PBXProject section */

/* Begin PBXResourcesBuildPhase section */
		9CA5324C1F57899300ADD3DF /* Resources */ = {
			isa = PBXResourcesBuildPhase;
			buildActionMask = 2147483647;
			files = (
				9CA532701F578B2D00ADD3DF /* images in Resources */,
				9CA532611F57899300ADD3DF /* LaunchScreen.storyboard in Resources */,
				9CA5325E1F57899300ADD3DF /* Assets.xcassets in Resources */,
				9CA532691F578A2E00ADD3DF /* New.storyboard in Resources */,
			);
			runOnlyForDeploymentPostprocessing = 0;
		};
/* End PBXResourcesBuildPhase section */

/* Begin PBXSourcesBuildPhase section */
		9CA5324A1F57899300ADD3DF /* Sources */ = {
			isa = PBXSourcesBuildPhase;
			buildActionMask = 2147483647;
			files = (
				9CA532591F57899300ADD3DF /* ViewController.m in Sources */,
				9CA5326C1F578A4800ADD3DF /* gameButton.m in Sources */,
				9CA532561F57899300ADD3DF /* AppDelegate.m in Sources */,
				9CA532531F57899300ADD3DF /* main.m in Sources */,
			);
			runOnlyForDeploymentPostprocessing = 0;
		};
/* End PBXSourcesBuildPhase section */

/* Begin PBXVariantGroup section */
		9CA5325F1F57899300ADD3DF /* LaunchScreen.storyboard */ = {
			isa = PBXVariantGroup;
			children = (
				9CA532601F57899300ADD3DF /* Base */,
			);
			name = LaunchScreen.storyboard;
			sourceTree = "<group>";
		};
/* End PBXVariantGroup section */

/* Begin XCBuildConfiguration section */
		9CA532631F57899300ADD3DF /* Debug */ = {
			isa = XCBuildConfiguration;
			buildSettings = {
				ALWAYS_SEARCH_USER_PATHS = NO;
				CLANG_ANALYZER_NONNULL = YES;
				CLANG_ANALYZER_NUMBER_OBJECT_CONVERSION = YES_AGGRESSIVE;
				CLANG_CXX_LANGUAGE_STANDARD = "gnu++0x";
				CLANG_CXX_LIBRARY = "libc++";
				CLANG_ENABLE_MODULES = YES;
				CLANG_ENABLE_OBJC_ARC = YES;
				CLANG_WARN_BOOL_CONVERSION = YES;
				CLANG_WARN_CONSTANT_CONVERSION = YES;
				CLANG_WARN_DIRECT_OBJC_ISA_USAGE = YES_ERROR;
				CLANG_WARN_DOCUMENTATION_COMMENTS = YES;
				CLANG_WARN_EMPTY_BODY = YES;
				CLANG_WARN_ENUM_CONVERSION = YES;
				CLANG_WARN_INFINITE_RECURSION = YES;
				CLANG_WARN_INT_CONVERSION = YES;
				CLANG_WARN_OBJC_ROOT_CLASS = YES_ERROR;
				CLANG_WARN_SUSPICIOUS_MOVE = YES;
				CLANG_WARN_UNREACHABLE_CODE = YES;
				CLANG_WARN__DUPLICATE_METHOD_MATCH = YES;
				"CODE_SIGN_IDENTITY[sdk=iphoneos*]" = "iPhone Developer";
				COPY_PHASE_STRIP = NO;
				DEBUG_INFORMATION_FORMAT = dwarf;
				ENABLE_STRICT_OBJC_MSGSEND = YES;
				ENABLE_TESTABILITY = YES;
				GCC_C_LANGUAGE_STANDARD = gnu99;
				GCC_DYNAMIC_NO_PIC = NO;
				GCC_NO_COMMON_BLOCKS = YES;
				GCC_OPTIMIZATION_LEVEL = 0;
				GCC_PREPROCESSOR_DEFINITIONS = (
					"DEBUG=1",
					"$(inherited)",
				);
				GCC_WARN_64_TO_32_BIT_CONVERSION = YES;
				GCC_WARN_ABOUT_RETURN_TYPE = YES_ERROR;
				GCC_WARN_UNDECLARED_SELECTOR = YES;
				GCC_WARN_UNINITIALIZED_AUTOS = YES_AGGRESSIVE;
				GCC_WARN_UNUSED_FUNCTION = YES;
				GCC_WARN_UNUSED_VARIABLE = YES;
				IPHONEOS_DEPLOYMENT_TARGET = 10.3;
				MTL_ENABLE_DEBUG_INFO = YES;
				ONLY_ACTIVE_ARCH = YES;
				SDKROOT = iphoneos;
			};
			name = Debug;
		};
		9CA532641F57899300ADD3DF /* Release */ = {
			isa = XCBuildConfiguration;
			buildSettings = {
				ALWAYS_SEARCH_USER_PATHS = NO;
				CLANG_ANALYZER_NONNULL = YES;
				CLANG_ANALYZER_NUMBER_OBJECT_CONVERSION = YES_AGGRESSIVE;
				CLANG_CXX_LANGUAGE_STANDARD = "gnu++0x";
				CLANG_CXX_LIBRARY = "libc++";
				CLANG_ENABLE_MODULES = YES;
				CLANG_ENABLE_OBJC_ARC = YES;
				CLANG_WARN_BOOL_CONVERSION = YES;
				CLANG_WARN_CONSTANT_CONVERSION = YES;
				CLANG_WARN_DIRECT_OBJC_ISA_USAGE = YES_ERROR;
				CLANG_WARN_DOCUMENTATION_COMMENTS = YES;
				CLANG_WARN_EMPTY_BODY = YES;
				CLANG_WARN_ENUM_CONVERSION = YES;
				CLANG_WARN_INFINITE_RECURSION = YES;
				CLANG_WARN_INT_CONVERSION = YES;
				CLANG_WARN_OBJC_ROOT_CLASS = YES_ERROR;
				CLANG_WARN_SUSPICIOUS_MOVE = YES;
				CLANG_WARN_UNREACHABLE_CODE = YES;
				CLANG_WARN__DUPLICATE_METHOD_MATCH = YES;
				"CODE_SIGN_IDENTITY[sdk=iphoneos*]" = "iPhone Developer";
				COPY_PHASE_STRIP = NO;
				DEBUG_INFORMATION_FORMAT = "dwarf-with-dsym";
				ENABLE_NS_ASSERTIONS = NO;
				ENABLE_STRICT_OBJC_MSGSEND = YES;
				GCC_C_LANGUAGE_STANDARD = gnu99;
				GCC_NO_COMMON_BLOCKS = YES;
				GCC_WARN_64_TO_32_BIT_CONVERSION = YES;
				GCC_WARN_ABOUT_RETURN_TYPE = YES_ERROR;
				GCC_WARN_UNDECLARED_SELECTOR = YES;
				GCC_WARN_UNINITIALIZED_AUTOS = YES_AGGRESSIVE;
				GCC_WARN_UNUSED_FUNCTION = YES;
				GCC_WARN_UNUSED_VARIABLE = YES;
				IPHONEOS_DEPLOYMENT_TARGET = 10.3;
				MTL_ENABLE_DEBUG_INFO = NO;
				SDKROOT = iphoneos;
				VALIDATE_PRODUCT = YES;
			};
			name = Release;
		};
		9CA532661F57899300ADD3DF /* Debug */ = {
			isa = XCBuildConfiguration;
			buildSettings = {
				ASSETCATALOG_COMPILER_APPICON_NAME = AppIcon;
				DEVELOPMENT_TEAM = 8N948SNJJ9;
				INFOPLIST_FILE = iMatchGame/Info.plist;
				IPHONEOS_DEPLOYMENT_TARGET = 8.0;
				LD_RUNPATH_SEARCH_PATHS = "$(inherited) @executable_path/Frameworks";
				PRODUCT_BUNDLE_IDENTIFIER = com.rubytuesdaysoft.iMatchGame;
				PRODUCT_NAME = "$(TARGET_NAME)";
			};
			name = Debug;
		};
		9CA532671F57899300ADD3DF /* Release */ = {
			isa = XCBuildConfiguration;
			buildSettings = {
				ASSETCATALOG_COMPILER_APPICON_NAME = AppIcon;
				DEVELOPMENT_TEAM = 8N948SNJJ9;
				INFOPLIST_FILE = iMatchGame/Info.plist;
				IPHONEOS_DEPLOYMENT_TARGET = 8.0;
				LD_RUNPATH_SEARCH_PATHS = "$(inherited) @executable_path/Frameworks";
				PRODUCT_BUNDLE_IDENTIFIER = com.rubytuesdaysoft.iMatchGame;
				PRODUCT_NAME = "$(TARGET_NAME)";
			};
			name = Release;
		};
/* End XCBuildConfiguration section */

/* Begin XCConfigurationList section */
		9CA532491F57899300ADD3DF /* Build configuration list for PBXProject "iMatchGame" */ = {
			isa = XCConfigurationList;
			buildConfigurations = (
				9CA532631F57899300ADD3DF /* Debug */,
				9CA532641F57899300ADD3DF /* Release */,
			);
			defaultConfigurationIsVisible = 0;
			defaultConfigurationName = Release;
		};
		9CA532651F57899300ADD3DF /* Build configuration list for PBXNativeTarget "iMatchGame" */ = {
			isa = XCConfigurationList;
			buildConfigurations = (
				9CA532661F57899300ADD3DF /* Debug */,
				9CA532671F57899300ADD3DF /* Release */,
			);
			defaultConfigurationIsVisible = 0;
		};
/* End XCConfigurationList section */
	};
	rootObject = 9CA532461F57899300ADD3DF /* Project object */;
}
